
Microsoft Visual Studio Solution File, Format Version 12.00
# Visual Studio Version 17
VisualStudioVersion = 17.12.35514.174
MinimumVisualStudioVersion = 10.0.40219.1
Project("{FAE04EC0-301F-11D3-BF4B-00C04F79EFBC}") = "Domain", "Domain\Domain.csproj", "{76854B34-A6F9-4A13-AE72-9E7A52F2BDE6}"
EndProject
Project("{FAE04EC0-301F-11D3-BF4B-00C04F79EFBC}") = "Application", "Application\Application.csproj", "{CC32B6D2-D126-494B-BE36-E77126714C88}"
EndProject
Project("{FAE04EC0-301F-11D3-BF4B-00C04F79EFBC}") = "Infrastructure", "Infrastructure\Infrastructure.csproj", "{3DAECC12-20B1-4B2D-A5A0-EF8718C7AEA2}"
EndProject
Project("{FAE04EC0-301F-11D3-BF4B-00C04F79EFBC}") = "API", "Presentation\API.csproj", "{0879A971-27CC-4120-BE7F-48D985FADA2D}"
EndProject
Global
	GlobalSection(SolutionConfigurationPlatforms) = preSolution
		Debug|Any CPU = Debug|Any CPU
		Release|Any CPU = Release|Any CPU
	EndGlobalSection
	GlobalSection(ProjectConfigurationPlatforms) = postSolution
		{76854B34-A6F9-4A13-AE72-9E7A52F2BDE6}.Debug|Any CPU.ActiveCfg = Debug|Any CPU
		{76854B34-A6F9-4A13-AE72-9E7A52F2BDE6}.Debug|Any CPU.Build.0 = Debug|Any CPU
		{76854B34-A6F9-4A13-AE72-9E7A52F2BDE6}.Release|Any CPU.ActiveCfg = Release|Any CPU
		{76854B34-A6F9-4A13-AE72-9E7A52F2BDE6}.Release|Any CPU.Build.0 = Release|Any CPU
		{CC32B6D2-D126-494B-BE36-E77126714C88}.Debug|Any CPU.ActiveCfg = Debug|Any CPU
		{CC32B6D2-D126-494B-BE36-E77126714C88}.Debug|Any CPU.Build.0 = Debug|Any CPU
		{CC32B6D2-D126-494B-BE36-E77126714C88}.Release|Any CPU.ActiveCfg = Release|Any CPU
		{CC32B6D2-D126-494B-BE36-E77126714C88}.Release|Any CPU.Build.0 = Release|Any CPU
		{3DAECC12-20B1-4B2D-A5A0-EF8718C7AEA2}.Debug|Any CPU.ActiveCfg = Debug|Any CPU
		{3DAECC12-20B1-4B2D-A5A0-EF8718C7AEA2}.Debug|Any CPU.Build.0 = Debug|Any CPU
		{3DAECC12-20B1-4B2D-A5A0-EF8718C7AEA2}.Release|Any CPU.ActiveCfg = Release|Any CPU
		{3DAECC12-20B1-4B2D-A5A0-EF8718C7AEA2}.Release|Any CPU.Build.0 = Release|Any CPU
		{0879A971-27CC-4120-BE7F-48D985FADA2D}.Debug|Any CPU.ActiveCfg = Debug|Any CPU
		{0879A971-27CC-4120-BE7F-48D985FADA2D}.Debug|Any CPU.Build.0 = Debug|Any CPU
		{0879A971-27CC-4120-BE7F-48D985FADA2D}.Release|Any CPU.ActiveCfg = Release|Any CPU
		{0879A971-27CC-4120-BE7F-48D985FADA2D}.Release|Any CPU.Build.0 = Release|Any CPU
	EndGlobalSection
	GlobalSection(SolutionProperties) = preSolution
		HideSolutionNode = FALSE
	EndGlobalSection
	GlobalSection(ExtensibilityGlobals) = postSolution
		SolutionGuid = {BD1255CA-C4AE-4EDB-8B97-D63FCB854883}
	EndGlobalSection
EndGlobal
